{
  "nodes": {
    "NixOS-WSL": {
      "inputs": {
        "flake-compat": "flake-compat",
        "nixpkgs": [
          "nixpkgs"
        ]
      },
      "locked": {
        "lastModified": 1755261305,
        "narHash": "sha256-EOqCupB5X5WoGVHVcfOZcqy0SbKWNuY3kq+lj1wHdu8=",
        "owner": "nix-community",
        "repo": "NixOS-WSL",
        "rev": "203a7b463f307c60026136dd1191d9001c43457f",
        "type": "github"
      },
      "original": {
        "owner": "nix-community",
        "repo": "NixOS-WSL",
        "type": "github"
      }
    },
    "flake-compat": {
      "flake": false,
      "locked": {
        "lastModified": 1747046372,
        "narHash": "sha256-CIVLLkVgvHYbgI2UpXvIIBJ12HWgX+fjA8Xf8PUmqCY=",
        "owner": "edolstra",
        "repo": "flake-compat",
        "rev": "9100a0f413b0c601e0533d1d94ffd501ce2e7885",
        "type": "github"
      },
      "original": {
        "owner": "edolstra",
        "repo": "flake-compat",
        "type": "github"
      }
    },
    "flake-utils": {
      "inputs": {
        "systems": "systems"
      },
      "locked": {
        "lastModified": 1731533236,
        "narHash": "sha256-l0KFg5HjrsfsO/JpG+r7fRrqm12kzFHyUHqHCVpMMbI=",
        "owner": "numtide",
        "repo": "flake-utils",
        "rev": "11707dc2f618dd54ca8739b309ec4fc024de578b",
        "type": "github"
      },
      "original": {
        "owner": "numtide",
        "repo": "flake-utils",
        "type": "github"
      }
    },
    "flake-utils_2": {
      "inputs": {
        "systems": "systems_2"
      },
      "locked": {
        "lastModified": 1731533236,
        "narHash": "sha256-l0KFg5HjrsfsO/JpG+r7fRrqm12kzFHyUHqHCVpMMbI=",
        "owner": "numtide",
        "repo": "flake-utils",
        "rev": "11707dc2f618dd54ca8739b309ec4fc024de578b",
        "type": "github"
      },
      "original": {
        "owner": "numtide",
        "repo": "flake-utils",
        "type": "github"
      }
    },
    "home-manager": {
      "inputs": {
        "nixpkgs": [
          "nixpkgs"
        ]
      },
      "locked": {
        "lastModified": 1757256385,
        "narHash": "sha256-WK7tOhWwr15mipcckhDg2no/eSpM1nIh4C9le8HgHhk=",
        "owner": "nix-community",
        "repo": "home-manager",
        "rev": "f35703b412c67b48e97beb6e27a6ab96a084cd37",
        "type": "github"
      },
      "original": {
        "owner": "nix-community",
        "repo": "home-manager",
        "type": "github"
      }
    },
    "nix-azure-pipelines-language-server": {
      "inputs": {
        "flake-utils": "flake-utils",
        "nixpkgs": "nixpkgs",
        "nixpkgs-realbogart": "nixpkgs-realbogart"
      },
      "locked": {
        "lastModified": 1750250703,
        "narHash": "sha256-UidAT9wPupeo2Cxt5MycX72yvxAIZL/pGKS2aeFdeWc=",
        "owner": "realbogart",
        "repo": "nix-azure-pipelines-language-server",
        "rev": "6bb9d8126e514415597b4361ebad8173ba4627c3",
        "type": "github"
      },
      "original": {
        "owner": "realbogart",
        "repo": "nix-azure-pipelines-language-server",
        "type": "github"
      }
    },
    "nix-ld": {
      "inputs": {
        "nixpkgs": "nixpkgs_2"
      },
      "locked": {
        "lastModified": 1756133168,
        "narHash": "sha256-yvehjJD0TqfixoAJLb2SHWGMULQ312h7MsIM47iKgSg=",
        "owner": "Mic92",
        "repo": "nix-ld",
        "rev": "ba0e76d84d88cc4fc65d589fb4c3c7a609990433",
        "type": "github"
      },
      "original": {
        "owner": "Mic92",
        "repo": "nix-ld",
        "type": "github"
      }
    },
    "nix-yaml": {
      "inputs": {
        "flake-utils": "flake-utils_2",
        "nixpkgs": "nixpkgs_3",
        "yaml-src": "yaml-src"
      },
      "locked": {
        "lastModified": 1740171472,
        "narHash": "sha256-LsWy05fHfjyilpady41nPPCIQ+58DsgRnGgtQfqY24E=",
        "owner": "realbogart",
        "repo": "nix-yaml",
        "rev": "0ca7538fe2d4f3d7fbd25fa6cfb3db9db2fd6f01",
        "type": "github"
      },
      "original": {
        "owner": "realbogart",
        "repo": "nix-yaml",
        "type": "github"
      }
    },
    "nixpkgs": {
      "locked": {
        "lastModified": 1750183894,
        "narHash": "sha256-ZtOgEt70keBVB4YJc+z7m0h7J1BOlv/GjHE1YC6KxeA=",
        "owner": "nixos",
        "repo": "nixpkgs",
        "rev": "f45e75fc63fc8a7ffc3da382b2f6b681c5b71875",
        "type": "github"
      },
      "original": {
        "owner": "nixos",
        "ref": "nixpkgs-unstable",
        "repo": "nixpkgs",
        "type": "github"
      }
    },
    "nixpkgs-realbogart": {
      "locked": {
        "lastModified": 1749191665,
        "narHash": "sha256-k2tytdLbvH7Be+Uystr1GKeSTT4E42EkT/vRt2ivnXY=",
        "owner": "realbogart",
        "repo": "nixpkgs",
        "rev": "2ed40f18829c2a6cd9ddae3a819b84a6fd3c2508",
        "type": "github"
      },
      "original": {
        "owner": "realbogart",
        "repo": "nixpkgs",
        "type": "github"
      }
    },
    "nixpkgs-realbogart_2": {
      "locked": {
        "lastModified": 1758786260,
        "narHash": "sha256-ikSdw6r7/ZtvPptj5WeG4ACnZFAJ5uMxc7vYu5bqAHs=",
        "owner": "realbogart",
        "repo": "nixpkgs",
        "rev": "598b95d198bb069745ecad90f1435a39d5ddd2ef",
        "type": "github"
      },
      "original": {
        "owner": "realbogart",
        "repo": "nixpkgs",
        "type": "github"
      }
    },
    "nixpkgs_2": {
      "locked": {
        "lastModified": 1752480373,
        "narHash": "sha256-JHQbm+OcGp32wAsXTE/FLYGNpb+4GLi5oTvCxwSoBOA=",
        "owner": "NixOS",
        "repo": "nixpkgs",
        "rev": "62e0f05ede1da0d54515d4ea8ce9c733f12d9f08",
        "type": "github"
      },
      "original": {
        "owner": "NixOS",
        "ref": "nixos-unstable",
        "repo": "nixpkgs",
        "type": "github"
      }
    },
    "nixpkgs_3": {
      "locked": {
        "lastModified": 1740019556,
        "narHash": "sha256-vn285HxnnlHLWnv59Og7muqECNMS33mWLM14soFIv2g=",
        "owner": "NixOS",
        "repo": "nixpkgs",
        "rev": "dad564433178067be1fbdfcce23b546254b6d641",
        "type": "github"
      },
      "original": {
        "owner": "NixOS",
        "ref": "nixpkgs-unstable",
        "repo": "nixpkgs",
        "type": "github"
      }
    },
    "nixpkgs_4": {
      "locked": {
        "lastModified": 1757745802,
        "narHash": "sha256-hLEO2TPj55KcUFUU1vgtHE9UEIOjRcH/4QbmfHNF820=",
        "owner": "nixos",
        "repo": "nixpkgs",
        "rev": "c23193b943c6c689d70ee98ce3128239ed9e32d1",
        "type": "github"
      },
      "original": {
        "owner": "nixos",
        "ref": "nixos-unstable",
        "repo": "nixpkgs",
        "type": "github"
      }
    },
    "root": {
      "inputs": {
        "NixOS-WSL": "NixOS-WSL",
        "home-manager": "home-manager",
        "nix-azure-pipelines-language-server": "nix-azure-pipelines-language-server",
        "nix-ld": "nix-ld",
        "nix-yaml": "nix-yaml",
        "nixpkgs": "nixpkgs_4",
        "nixpkgs-realbogart": "nixpkgs-realbogart_2"
      }
    },
    "systems": {
      "locked": {
        "lastModified": 1681028828,
        "narHash": "sha256-Vy1rq5AaRuLzOxct8nz4T6wlgyUR7zLU309k9mBC768=",
        "owner": "nix-systems",
        "repo": "default",
        "rev": "da67096a3b9bf56a91d16901293e51ba5b49a27e",
        "type": "github"
      },
      "original": {
        "owner": "nix-systems",
        "repo": "default",
        "type": "github"
      }
    },
    "systems_2": {
      "locked": {
        "lastModified": 1681028828,
        "narHash": "sha256-Vy1rq5AaRuLzOxct8nz4T6wlgyUR7zLU309k9mBC768=",
        "owner": "nix-systems",
        "repo": "default",
        "rev": "da67096a3b9bf56a91d16901293e51ba5b49a27e",
        "type": "github"
      },
      "original": {
        "owner": "nix-systems",
        "repo": "default",
        "type": "github"
      }
    },
    "yaml-src": {
      "flake": false,
      "locked": {
        "lastModified": 1735619950,
        "narHash": "sha256-q7L/lxpC6zsoGiNIAdyZXrcgZmegWroUTtKq60K8nXk=",
        "owner": "eemeli",
        "repo": "yaml",
        "rev": "8f512b526a52e245e770be257235f7d37059ca39",
        "type": "github"
      },
      "original": {
        "owner": "eemeli",
        "ref": "v2.7.0",
        "repo": "yaml",
        "type": "github"
      }
    }
  },
  "root": "root",
  "version": 7
}
